
Microsoft Visual Studio Solution File, Format Version 12.00
# Visual Studio Version 17
VisualStudioVersion = 17.7.34018.315
MinimumVisualStudioVersion = 10.0.40219.1
Project("{8BC9CEB8-8B4A-11D0-8D11-00A0C91BC942}") = "CatGame", "CatGame.vcxproj", "{F1F61DF6-3586-4E3D-A525-2D5BB93A8E57}"
EndProject
Global
	GlobalSection(SolutionConfigurationPlatforms) = preSolution
		Debug|x64 = Debug|x64
		Debug|x86 = Debug|x86
		Release|x64 = Release|x64
		Release|x86 = Release|x86
	EndGlobalSection
	GlobalSection(ProjectConfigurationPlatforms) = postSolution
		{F1F61DF6-3586-4E3D-A525-2D5BB93A8E57}.Debug|x64.ActiveCfg = Debug|x64
		{F1F61DF6-3586-4E3D-A525-2D5BB93A8E57}.Debug|x64.Build.0 = Debug|x64
		{F1F61DF6-3586-4E3D-A525-2D5BB93A8E57}.Debug|x86.ActiveCfg = Debug|Win32
		{F1F61DF6-3586-4E3D-A525-2D5BB93A8E57}.Debug|x86.Build.0 = Debug|Win32
		{F1F61DF6-3586-4E3D-A525-2D5BB93A8E57}.Release|x64.ActiveCfg = Release|x64
		{F1F61DF6-3586-4E3D-A525-2D5BB93A8E57}.Release|x64.Build.0 = Release|x64
		{F1F61DF6-3586-4E3D-A525-2D5BB93A8E57}.Release|x86.ActiveCfg = Release|Win32
		{F1F61DF6-3586-4E3D-A525-2D5BB93A8E57}.Release|x86.Build.0 = Release|Win32
	EndGlobalSection
	GlobalSection(SolutionProperties) = preSolution
		HideSolutionNode = FALSE
	EndGlobalSection
	GlobalSection(ExtensibilityGlobals) = postSolution
		SolutionGuid = {E0987958-CF06-4D96-A1A2-54C6C1518FF6}
	EndGlobalSection
EndGlobal
